// !$*UTF8*$!
{
	archiveVersion = 1;
	classes = {
	};
	objectVersion = 56;
	objects = {

/* Begin PBXBuildFile section */
		9E111C4D294B6EBB00FD98B3 /* CardView.swift in Sources */ = {isa = PBXBuildFile; fileRef = 9E111C4C294B6EBB00FD98B3 /* CardView.swift */; };
		9E4D97492948D93300F6B4E6 /* CardModelView.swift in Sources */ = {isa = PBXBuildFile; fileRef = 9E4D97482948D93300F6B4E6 /* CardModelView.swift */; };
		9E4D97522949E8CB00F6B4E6 /* UserInfo.swift in Sources */ = {isa = PBXBuildFile; fileRef = 9E4D974F2949E8CB00F6B4E6 /* UserInfo.swift */; };
		9E4D97532949E8CB00F6B4E6 /* EventInfo.swift in Sources */ = {isa = PBXBuildFile; fileRef = 9E4D97502949E8CB00F6B4E6 /* EventInfo.swift */; };
		9E4D97542949E8CB00F6B4E6 /* Category.swift in Sources */ = {isa = PBXBuildFile; fileRef = 9E4D97512949E8CB00F6B4E6 /* Category.swift */; };
		9E7A95E729474E4B00B558A2 /* Card.swift in Sources */ = {isa = PBXBuildFile; fileRef = 9E7A95E629474E4B00B558A2 /* Card.swift */; };
		9E7A95E929474EE700B558A2 /* StackOfActivitiesCardView.swift in Sources */ = {isa = PBXBuildFile; fileRef = 9E7A95E829474EE700B558A2 /* StackOfActivitiesCardView.swift */; };
		9E7A95EB29474F6500B558A2 /* ActivityCardView.swift in Sources */ = {isa = PBXBuildFile; fileRef = 9E7A95EA29474F6500B558A2 /* ActivityCardView.swift */; };
		9E7A95ED294761CA00B558A2 /* WaveMath.swift in Sources */ = {isa = PBXBuildFile; fileRef = 9E7A95EC294761CA00B558A2 /* WaveMath.swift */; };
		9E7A95EF2947631B00B558A2 /* WaveFilled.swift in Sources */ = {isa = PBXBuildFile; fileRef = 9E7A95EE2947631B00B558A2 /* WaveFilled.swift */; };
		9E7A95F42947676400B558A2 /* TopMenuModel.swift in Sources */ = {isa = PBXBuildFile; fileRef = 9E7A95F32947676400B558A2 /* TopMenuModel.swift */; };
		9E7A95F6294767CE00B558A2 /* TopMenuView.swift in Sources */ = {isa = PBXBuildFile; fileRef = 9E7A95F5294767CE00B558A2 /* TopMenuView.swift */; };
		9E7A95FD2947782800B558A2 /* SegmentedPickerView.swift in Sources */ = {isa = PBXBuildFile; fileRef = 9E7A95FC2947782800B558A2 /* SegmentedPickerView.swift */; };
		9E7A960729478C7000B558A2 /* LaunchedCardView.swift in Sources */ = {isa = PBXBuildFile; fileRef = 9E7A960629478C7000B558A2 /* LaunchedCardView.swift */; };
		9E8B87B12947C8BB00976DB9 /* AddNewFreesbeView.swift in Sources */ = {isa = PBXBuildFile; fileRef = 9E8B87B02947C8BB00976DB9 /* AddNewFreesbeView.swift */; };
		9E8B87B32947D21F00976DB9 /* SwipeToLaunchButton.swift in Sources */ = {isa = PBXBuildFile; fileRef = 9E8B87B22947D21F00976DB9 /* SwipeToLaunchButton.swift */; };
		9E8B87B729480D0A00976DB9 /* CaughtCardView.swift in Sources */ = {isa = PBXBuildFile; fileRef = 9E8B87B629480D0A00976DB9 /* CaughtCardView.swift */; };
		C125EBA9293F9932009231F4 /* FreesbeApp.swift in Sources */ = {isa = PBXBuildFile; fileRef = C125EBA8293F9932009231F4 /* FreesbeApp.swift */; };
		C125EBAB293F9932009231F4 /* ContentView.swift in Sources */ = {isa = PBXBuildFile; fileRef = C125EBAA293F9932009231F4 /* ContentView.swift */; };
		C125EBAD293F9932009231F4 /* Assets.xcassets in Resources */ = {isa = PBXBuildFile; fileRef = C125EBAC293F9932009231F4 /* Assets.xcassets */; };
		C125EBB0293F9932009231F4 /* Preview Assets.xcassets in Resources */ = {isa = PBXBuildFile; fileRef = C125EBAF293F9932009231F4 /* Preview Assets.xcassets */; };
/* End PBXBuildFile section */

/* Begin PBXFileReference section */
		9E111C4C294B6EBB00FD98B3 /* CardView.swift */ = {isa = PBXFileReference; lastKnownFileType = sourcecode.swift; path = CardView.swift; sourceTree = "<group>"; };
		9E4D97482948D93300F6B4E6 /* CardModelView.swift */ = {isa = PBXFileReference; lastKnownFileType = sourcecode.swift; path = CardModelView.swift; sourceTree = "<group>"; };
		9E4D974F2949E8CB00F6B4E6 /* UserInfo.swift */ = {isa = PBXFileReference; fileEncoding = 4; lastKnownFileType = sourcecode.swift; path = UserInfo.swift; sourceTree = "<group>"; };
		9E4D97502949E8CB00F6B4E6 /* EventInfo.swift */ = {isa = PBXFileReference; fileEncoding = 4; lastKnownFileType = sourcecode.swift; path = EventInfo.swift; sourceTree = "<group>"; };
		9E4D97512949E8CB00F6B4E6 /* Category.swift */ = {isa = PBXFileReference; fileEncoding = 4; lastKnownFileType = sourcecode.swift; path = Category.swift; sourceTree = "<group>"; };
		9E7A95E629474E4B00B558A2 /* Card.swift */ = {isa = PBXFileReference; lastKnownFileType = sourcecode.swift; path = Card.swift; sourceTree = "<group>"; };
		9E7A95E829474EE700B558A2 /* StackOfActivitiesCardView.swift */ = {isa = PBXFileReference; lastKnownFileType = sourcecode.swift; path = StackOfActivitiesCardView.swift; sourceTree = "<group>"; };
		9E7A95EA29474F6500B558A2 /* ActivityCardView.swift */ = {isa = PBXFileReference; lastKnownFileType = sourcecode.swift; path = ActivityCardView.swift; sourceTree = "<group>"; };
		9E7A95EC294761CA00B558A2 /* WaveMath.swift */ = {isa = PBXFileReference; lastKnownFileType = sourcecode.swift; path = WaveMath.swift; sourceTree = "<group>"; };
		9E7A95EE2947631B00B558A2 /* WaveFilled.swift */ = {isa = PBXFileReference; lastKnownFileType = sourcecode.swift; path = WaveFilled.swift; sourceTree = "<group>"; };
		9E7A95F32947676400B558A2 /* TopMenuModel.swift */ = {isa = PBXFileReference; lastKnownFileType = sourcecode.swift; path = TopMenuModel.swift; sourceTree = "<group>"; };
		9E7A95F5294767CE00B558A2 /* TopMenuView.swift */ = {isa = PBXFileReference; lastKnownFileType = sourcecode.swift; path = TopMenuView.swift; sourceTree = "<group>"; };
		9E7A95FC2947782800B558A2 /* SegmentedPickerView.swift */ = {isa = PBXFileReference; lastKnownFileType = sourcecode.swift; path = SegmentedPickerView.swift; sourceTree = "<group>"; };
		9E7A960629478C7000B558A2 /* LaunchedCardView.swift */ = {isa = PBXFileReference; lastKnownFileType = sourcecode.swift; path = LaunchedCardView.swift; sourceTree = "<group>"; };
		9E8B87B02947C8BB00976DB9 /* AddNewFreesbeView.swift */ = {isa = PBXFileReference; lastKnownFileType = sourcecode.swift; path = AddNewFreesbeView.swift; sourceTree = "<group>"; };
		9E8B87B22947D21F00976DB9 /* SwipeToLaunchButton.swift */ = {isa = PBXFileReference; lastKnownFileType = sourcecode.swift; path = SwipeToLaunchButton.swift; sourceTree = "<group>"; };
		9E8B87B629480D0A00976DB9 /* CaughtCardView.swift */ = {isa = PBXFileReference; lastKnownFileType = sourcecode.swift; path = CaughtCardView.swift; sourceTree = "<group>"; };
		C125EBA5293F9932009231F4 /* Freesbe.app */ = {isa = PBXFileReference; explicitFileType = wrapper.application; includeInIndex = 0; path = Freesbe.app; sourceTree = BUILT_PRODUCTS_DIR; };
		C125EBA8293F9932009231F4 /* FreesbeApp.swift */ = {isa = PBXFileReference; lastKnownFileType = sourcecode.swift; path = FreesbeApp.swift; sourceTree = "<group>"; };
		C125EBAA293F9932009231F4 /* ContentView.swift */ = {isa = PBXFileReference; lastKnownFileType = sourcecode.swift; path = ContentView.swift; sourceTree = "<group>"; };
		C125EBAC293F9932009231F4 /* Assets.xcassets */ = {isa = PBXFileReference; lastKnownFileType = folder.assetcatalog; path = Assets.xcassets; sourceTree = "<group>"; };
		C125EBAF293F9932009231F4 /* Preview Assets.xcassets */ = {isa = PBXFileReference; lastKnownFileType = folder.assetcatalog; path = "Preview Assets.xcassets"; sourceTree = "<group>"; };
/* End PBXFileReference section */

/* Begin PBXFrameworksBuildPhase section */
		C125EBA2293F9932009231F4 /* Frameworks */ = {
			isa = PBXFrameworksBuildPhase;
			buildActionMask = 2147483647;
			files = (
			);
			runOnlyForDeploymentPostprocessing = 0;
		};
/* End PBXFrameworksBuildPhase section */

/* Begin PBXGroup section */
		9E4D97402948D00800F6B4E6 /* Model */ = {
			isa = PBXGroup;
			children = (
				9E7A95F32947676400B558A2 /* TopMenuModel.swift */,
				9E7A95E629474E4B00B558A2 /* Card.swift */,
				9E7A95EC294761CA00B558A2 /* WaveMath.swift */,
			);
			path = Model;
			sourceTree = "<group>";
		};
		9E4D97412948D01100F6B4E6 /* ViewModel */ = {
			isa = PBXGroup;
			children = (
				9E4D97482948D93300F6B4E6 /* CardModelView.swift */,
			);
			path = ViewModel;
			sourceTree = "<group>";
		};
		9E4D97422948D01B00F6B4E6 /* View */ = {
			isa = PBXGroup;
			children = (
				9E4D97462948D49C00F6B4E6 /* TopMenu */,
				9E4D97452948D3A900F6B4E6 /* CarouselView */,
				9E4D97442948D37900F6B4E6 /* NewFreesbe */,
				C125EBAA293F9932009231F4 /* ContentView.swift */,
			);
			path = View;
			sourceTree = "<group>";
		};
		9E4D97432948D33500F6B4E6 /* Caught&LaunchedListView */ = {
			isa = PBXGroup;
			children = (
				9E111C4C294B6EBB00FD98B3 /* CardView.swift */,
				9E7A960629478C7000B558A2 /* LaunchedCardView.swift */,
				9E8B87B629480D0A00976DB9 /* CaughtCardView.swift */,
			);
			path = "Caught&LaunchedListView";
			sourceTree = "<group>";
		};
		9E4D97442948D37900F6B4E6 /* NewFreesbe */ = {
			isa = PBXGroup;
			children = (
				9E8B87B02947C8BB00976DB9 /* AddNewFreesbeView.swift */,
				9E8B87B22947D21F00976DB9 /* SwipeToLaunchButton.swift */,
			);
			path = NewFreesbe;
			sourceTree = "<group>";
		};
		9E4D97452948D3A900F6B4E6 /* CarouselView */ = {
			isa = PBXGroup;
			children = (
				9E7A95FC2947782800B558A2 /* SegmentedPickerView.swift */,
				9E7A95E829474EE700B558A2 /* StackOfActivitiesCardView.swift */,
				9E7A95EA29474F6500B558A2 /* ActivityCardView.swift */,
				9E4D97432948D33500F6B4E6 /* Caught&LaunchedListView */,
			);
			path = CarouselView;
			sourceTree = "<group>";
		};
		9E4D97462948D49C00F6B4E6 /* TopMenu */ = {
			isa = PBXGroup;
			children = (
				9E7A95EE2947631B00B558A2 /* WaveFilled.swift */,
				9E7A95F5294767CE00B558A2 /* TopMenuView.swift */,
			);
			path = TopMenu;
			sourceTree = "<group>";
		};
		9E4D974C2949E8CB00F6B4E6 /* Core */ = {
			isa = PBXGroup;
			children = (
				9E4D974D2949E8CB00F6B4E6 /* Network */,
			);
			path = Core;
			sourceTree = "<group>";
		};
		9E4D974D2949E8CB00F6B4E6 /* Network */ = {
			isa = PBXGroup;
			children = (
				9E4D974E2949E8CB00F6B4E6 /* Models */,
			);
			path = Network;
			sourceTree = "<group>";
		};
		9E4D974E2949E8CB00F6B4E6 /* Models */ = {
			isa = PBXGroup;
			children = (
				9E4D974F2949E8CB00F6B4E6 /* UserInfo.swift */,
				9E4D97502949E8CB00F6B4E6 /* EventInfo.swift */,
				9E4D97512949E8CB00F6B4E6 /* Category.swift */,
			);
			path = Models;
			sourceTree = "<group>";
		};
		C125EB9C293F9931009231F4 = {
			isa = PBXGroup;
			children = (
				C125EBA7293F9932009231F4 /* Freesbe */,
				C125EBA6293F9932009231F4 /* Products */,
			);
			sourceTree = "<group>";
		};
		C125EBA6293F9932009231F4 /* Products */ = {
			isa = PBXGroup;
			children = (
				C125EBA5293F9932009231F4 /* Freesbe.app */,
			);
			name = Products;
			sourceTree = "<group>";
		};
		C125EBA7293F9932009231F4 /* Freesbe */ = {
			isa = PBXGroup;
			children = (
				9E4D974C2949E8CB00F6B4E6 /* Core */,
				C125EBA8293F9932009231F4 /* FreesbeApp.swift */,
				9E4D97402948D00800F6B4E6 /* Model */,
				9E4D97412948D01100F6B4E6 /* ViewModel */,
				9E4D97422948D01B00F6B4E6 /* View */,
				C125EBAC293F9932009231F4 /* Assets.xcassets */,
				C125EBAE293F9932009231F4 /* Preview Content */,
			);
			path = Freesbe;
			sourceTree = "<group>";
		};
		C125EBAE293F9932009231F4 /* Preview Content */ = {
			isa = PBXGroup;
			children = (
				C125EBAF293F9932009231F4 /* Preview Assets.xcassets */,
			);
			path = "Preview Content";
			sourceTree = "<group>";
		};
/* End PBXGroup section */

/* Begin PBXNativeTarget section */
		C125EBA4293F9932009231F4 /* Freesbe */ = {
			isa = PBXNativeTarget;
			buildConfigurationList = C125EBB3293F9932009231F4 /* Build configuration list for PBXNativeTarget "Freesbe" */;
			buildPhases = (
				C125EBA1293F9932009231F4 /* Sources */,
				C125EBA2293F9932009231F4 /* Frameworks */,
				C125EBA3293F9932009231F4 /* Resources */,
			);
			buildRules = (
			);
			dependencies = (
			);
			name = Freesbe;
			productName = Freesbe;
			productReference = C125EBA5293F9932009231F4 /* Freesbe.app */;
			productType = "com.apple.product-type.application";
		};
/* End PBXNativeTarget section */

/* Begin PBXProject section */
		C125EB9D293F9931009231F4 /* Project object */ = {
			isa = PBXProject;
			attributes = {
				BuildIndependentTargetsInParallel = 1;
				LastSwiftUpdateCheck = 1400;
				LastUpgradeCheck = 1400;
				TargetAttributes = {
					C125EBA4293F9932009231F4 = {
						CreatedOnToolsVersion = 14.0;
					};
				};
			};
			buildConfigurationList = C125EBA0293F9932009231F4 /* Build configuration list for PBXProject "Freesbe" */;
			compatibilityVersion = "Xcode 14.0";
			developmentRegion = en;
			hasScannedForEncodings = 0;
			knownRegions = (
				en,
				Base,
			);
			mainGroup = C125EB9C293F9931009231F4;
			productRefGroup = C125EBA6293F9932009231F4 /* Products */;
			projectDirPath = "";
			projectRoot = "";
			targets = (
				C125EBA4293F9932009231F4 /* Freesbe */,
			);
		};
/* End PBXProject section */

/* Begin PBXResourcesBuildPhase section */
		C125EBA3293F9932009231F4 /* Resources */ = {
			isa = PBXResourcesBuildPhase;
			buildActionMask = 2147483647;
			files = (
				C125EBB0293F9932009231F4 /* Preview Assets.xcassets in Resources */,
				C125EBAD293F9932009231F4 /* Assets.xcassets in Resources */,
			);
			runOnlyForDeploymentPostprocessing = 0;
		};
/* End PBXResourcesBuildPhase section */

/* Begin PBXSourcesBuildPhase section */
		C125EBA1293F9932009231F4 /* Sources */ = {
			isa = PBXSourcesBuildPhase;
			buildActionMask = 2147483647;
			files = (
				9E7A960729478C7000B558A2 /* LaunchedCardView.swift in Sources */,
				9E4D97492948D93300F6B4E6 /* CardModelView.swift in Sources */,
				9E8B87B729480D0A00976DB9 /* CaughtCardView.swift in Sources */,
				9E7A95ED294761CA00B558A2 /* WaveMath.swift in Sources */,
				9E4D97532949E8CB00F6B4E6 /* EventInfo.swift in Sources */,
				9E4D97542949E8CB00F6B4E6 /* Category.swift in Sources */,
				9E4D97522949E8CB00F6B4E6 /* UserInfo.swift in Sources */,
				9E111C4D294B6EBB00FD98B3 /* CardView.swift in Sources */,
				C125EBAB293F9932009231F4 /* ContentView.swift in Sources */,
				9E7A95EB29474F6500B558A2 /* ActivityCardView.swift in Sources */,
				9E8B87B32947D21F00976DB9 /* SwipeToLaunchButton.swift in Sources */,
				9E7A95E729474E4B00B558A2 /* Card.swift in Sources */,
				9E7A95F6294767CE00B558A2 /* TopMenuView.swift in Sources */,
				9E8B87B12947C8BB00976DB9 /* AddNewFreesbeView.swift in Sources */,
				9E7A95FD2947782800B558A2 /* SegmentedPickerView.swift in Sources */,
				9E7A95EF2947631B00B558A2 /* WaveFilled.swift in Sources */,
				9E7A95E929474EE700B558A2 /* StackOfActivitiesCardView.swift in Sources */,
				9E7A95F42947676400B558A2 /* TopMenuModel.swift in Sources */,
				C125EBA9293F9932009231F4 /* FreesbeApp.swift in Sources */,
			);
			runOnlyForDeploymentPostprocessing = 0;
		};
/* End PBXSourcesBuildPhase section */

/* Begin XCBuildConfiguration section */
		C125EBB1293F9932009231F4 /* Debug */ = {
			isa = XCBuildConfiguration;
			buildSettings = {
				ALWAYS_SEARCH_USER_PATHS = NO;
				CLANG_ANALYZER_NONNULL = YES;
				CLANG_ANALYZER_NUMBER_OBJECT_CONVERSION = YES_AGGRESSIVE;
				CLANG_CXX_LANGUAGE_STANDARD = "gnu++20";
				CLANG_ENABLE_MODULES = YES;
				CLANG_ENABLE_OBJC_ARC = YES;
				CLANG_ENABLE_OBJC_WEAK = YES;
				CLANG_WARN_BLOCK_CAPTURE_AUTORELEASING = YES;
				CLANG_WARN_BOOL_CONVERSION = YES;
				CLANG_WARN_COMMA = YES;
				CLANG_WARN_CONSTANT_CONVERSION = YES;
				CLANG_WARN_DEPRECATED_OBJC_IMPLEMENTATIONS = YES;
				CLANG_WARN_DIRECT_OBJC_ISA_USAGE = YES_ERROR;
				CLANG_WARN_DOCUMENTATION_COMMENTS = YES;
				CLANG_WARN_EMPTY_BODY = YES;
				CLANG_WARN_ENUM_CONVERSION = YES;
				CLANG_WARN_INFINITE_RECURSION = YES;
				CLANG_WARN_INT_CONVERSION = YES;
				CLANG_WARN_NON_LITERAL_NULL_CONVERSION = YES;
				CLANG_WARN_OBJC_IMPLICIT_RETAIN_SELF = YES;
				CLANG_WARN_OBJC_LITERAL_CONVERSION = YES;
				CLANG_WARN_OBJC_ROOT_CLASS = YES_ERROR;
				CLANG_WARN_QUOTED_INCLUDE_IN_FRAMEWORK_HEADER = YES;
				CLANG_WARN_RANGE_LOOP_ANALYSIS = YES;
				CLANG_WARN_STRICT_PROTOTYPES = YES;
				CLANG_WARN_SUSPICIOUS_MOVE = YES;
				CLANG_WARN_UNGUARDED_AVAILABILITY = YES_AGGRESSIVE;
				CLANG_WARN_UNREACHABLE_CODE = YES;
				CLANG_WARN__DUPLICATE_METHOD_MATCH = YES;
				COPY_PHASE_STRIP = NO;
				DEBUG_INFORMATION_FORMAT = dwarf;
				ENABLE_STRICT_OBJC_MSGSEND = YES;
				ENABLE_TESTABILITY = YES;
				GCC_C_LANGUAGE_STANDARD = gnu11;
				GCC_DYNAMIC_NO_PIC = NO;
				GCC_NO_COMMON_BLOCKS = YES;
				GCC_OPTIMIZATION_LEVEL = 0;
				GCC_PREPROCESSOR_DEFINITIONS = (
					"DEBUG=1",
					"$(inherited)",
				);
				GCC_WARN_64_TO_32_BIT_CONVERSION = YES;
				GCC_WARN_ABOUT_RETURN_TYPE = YES_ERROR;
				GCC_WARN_UNDECLARED_SELECTOR = YES;
				GCC_WARN_UNINITIALIZED_AUTOS = YES_AGGRESSIVE;
				GCC_WARN_UNUSED_FUNCTION = YES;
				GCC_WARN_UNUSED_VARIABLE = YES;
				IPHONEOS_DEPLOYMENT_TARGET = 16.0;
				MTL_ENABLE_DEBUG_INFO = INCLUDE_SOURCE;
				MTL_FAST_MATH = YES;
				ONLY_ACTIVE_ARCH = YES;
				SDKROOT = iphoneos;
				SWIFT_ACTIVE_COMPILATION_CONDITIONS = DEBUG;
				SWIFT_OPTIMIZATION_LEVEL = "-Onone";
			};
			name = Debug;
		};
		C125EBB2293F9932009231F4 /* Release */ = {
			isa = XCBuildConfiguration;
			buildSettings = {
				ALWAYS_SEARCH_USER_PATHS = NO;
				CLANG_ANALYZER_NONNULL = YES;
				CLANG_ANALYZER_NUMBER_OBJECT_CONVERSION = YES_AGGRESSIVE;
				CLANG_CXX_LANGUAGE_STANDARD = "gnu++20";
				CLANG_ENABLE_MODULES = YES;
				CLANG_ENABLE_OBJC_ARC = YES;
				CLANG_ENABLE_OBJC_WEAK = YES;
				CLANG_WARN_BLOCK_CAPTURE_AUTORELEASING = YES;
				CLANG_WARN_BOOL_CONVERSION = YES;
				CLANG_WARN_COMMA = YES;
				CLANG_WARN_CONSTANT_CONVERSION = YES;
				CLANG_WARN_DEPRECATED_OBJC_IMPLEMENTATIONS = YES;
				CLANG_WARN_DIRECT_OBJC_ISA_USAGE = YES_ERROR;
				CLANG_WARN_DOCUMENTATION_COMMENTS = YES;
				CLANG_WARN_EMPTY_BODY = YES;
				CLANG_WARN_ENUM_CONVERSION = YES;
				CLANG_WARN_INFINITE_RECURSION = YES;
				CLANG_WARN_INT_CONVERSION = YES;
				CLANG_WARN_NON_LITERAL_NULL_CONVERSION = YES;
				CLANG_WARN_OBJC_IMPLICIT_RETAIN_SELF = YES;
				CLANG_WARN_OBJC_LITERAL_CONVERSION = YES;
				CLANG_WARN_OBJC_ROOT_CLASS = YES_ERROR;
				CLANG_WARN_QUOTED_INCLUDE_IN_FRAMEWORK_HEADER = YES;
				CLANG_WARN_RANGE_LOOP_ANALYSIS = YES;
				CLANG_WARN_STRICT_PROTOTYPES = YES;
				CLANG_WARN_SUSPICIOUS_MOVE = YES;
				CLANG_WARN_UNGUARDED_AVAILABILITY = YES_AGGRESSIVE;
				CLANG_WARN_UNREACHABLE_CODE = YES;
				CLANG_WARN__DUPLICATE_METHOD_MATCH = YES;
				COPY_PHASE_STRIP = NO;
				DEBUG_INFORMATION_FORMAT = "dwarf-with-dsym";
				ENABLE_NS_ASSERTIONS = NO;
				ENABLE_STRICT_OBJC_MSGSEND = YES;
				GCC_C_LANGUAGE_STANDARD = gnu11;
				GCC_NO_COMMON_BLOCKS = YES;
				GCC_WARN_64_TO_32_BIT_CONVERSION = YES;
				GCC_WARN_ABOUT_RETURN_TYPE = YES_ERROR;
				GCC_WARN_UNDECLARED_SELECTOR = YES;
				GCC_WARN_UNINITIALIZED_AUTOS = YES_AGGRESSIVE;
				GCC_WARN_UNUSED_FUNCTION = YES;
				GCC_WARN_UNUSED_VARIABLE = YES;
				IPHONEOS_DEPLOYMENT_TARGET = 16.0;
				MTL_ENABLE_DEBUG_INFO = NO;
				MTL_FAST_MATH = YES;
				SDKROOT = iphoneos;
				SWIFT_COMPILATION_MODE = wholemodule;
				SWIFT_OPTIMIZATION_LEVEL = "-O";
				VALIDATE_PRODUCT = YES;
			};
			name = Release;
		};
		C125EBB4293F9932009231F4 /* Debug */ = {
			isa = XCBuildConfiguration;
			buildSettings = {
				ASSETCATALOG_COMPILER_APPICON_NAME = AppIcon;
				ASSETCATALOG_COMPILER_GLOBAL_ACCENT_COLOR_NAME = AccentColor;
				CODE_SIGN_IDENTITY = "Apple Development";
				CODE_SIGN_STYLE = Automatic;
				CURRENT_PROJECT_VERSION = 1;
				DEVELOPMENT_ASSET_PATHS = "\"Freesbe/Preview Content\"";
				DEVELOPMENT_TEAM = GJ4Q87M25X;
				ENABLE_PREVIEWS = YES;
				GENERATE_INFOPLIST_FILE = YES;
				INFOPLIST_KEY_UIApplicationSceneManifest_Generation = YES;
				INFOPLIST_KEY_UIApplicationSupportsIndirectInputEvents = YES;
				INFOPLIST_KEY_UILaunchScreen_Generation = YES;
				INFOPLIST_KEY_UIStatusBarStyle = "";
				INFOPLIST_KEY_UISupportedInterfaceOrientations = UIInterfaceOrientationPortrait;
				INFOPLIST_KEY_UISupportedInterfaceOrientations_iPad = "UIInterfaceOrientationLandscapeLeft UIInterfaceOrientationLandscapeRight UIInterfaceOrientationPortrait UIInterfaceOrientationPortraitUpsideDown";
				LD_RUNPATH_SEARCH_PATHS = (
					"$(inherited)",
					"@executable_path/Frameworks",
				);
				MARKETING_VERSION = 1.0;
				PRODUCT_BUNDLE_IDENTIFIER = com.antoniopalomba.Freesbe;
				PRODUCT_NAME = "$(TARGET_NAME)";
				PROVISIONING_PROFILE_SPECIFIER = "";
				SUPPORTED_PLATFORMS = "iphoneos iphonesimulator";
				SUPPORTS_MACCATALYST = NO;
				SUPPORTS_MAC_DESIGNED_FOR_IPHONE_IPAD = NO;
				SWIFT_EMIT_LOC_STRINGS = YES;
				SWIFT_VERSION = 5.0;
				TARGETED_DEVICE_FAMILY = 1;
			};
			name = Debug;
		};
		C125EBB5293F9932009231F4 /* Release */ = {
			isa = XCBuildConfiguration;
			buildSettings = {
				ASSETCATALOG_COMPILER_APPICON_NAME = AppIcon;
				ASSETCATALOG_COMPILER_GLOBAL_ACCENT_COLOR_NAME = AccentColor;
				CODE_SIGN_IDENTITY = "Apple Development";
				CODE_SIGN_STYLE = Automatic;
				CURRENT_PROJECT_VERSION = 1;
				DEVELOPMENT_ASSET_PATHS = "\"Freesbe/Preview Content\"";
				DEVELOPMENT_TEAM = GJ4Q87M25X;
				ENABLE_PREVIEWS = YES;
				GENERATE_INFOPLIST_FILE = YES;
				INFOPLIST_KEY_UIApplicationSceneManifest_Generation = YES;
				INFOPLIST_KEY_UIApplicationSupportsIndirectInputEvents = YES;
				INFOPLIST_KEY_UILaunchScreen_Generation = YES;
				INFOPLIST_KEY_UIStatusBarStyle = "";
				INFOPLIST_KEY_UISupportedInterfaceOrientations = UIInterfaceOrientationPortrait;
				INFOPLIST_KEY_UISupportedInterfaceOrientations_iPad = "UIInterfaceOrientationLandscapeLeft UIInterfaceOrientationLandscapeRight UIInterfaceOrientationPortrait UIInterfaceOrientationPortraitUpsideDown";
				LD_RUNPATH_SEARCH_PATHS = (
					"$(inherited)",
					"@executable_path/Frameworks",
				);
				MARKETING_VERSION = 1.0;
				PRODUCT_BUNDLE_IDENTIFIER = com.antoniopalomba.Freesbe;
				PRODUCT_NAME = "$(TARGET_NAME)";
				PROVISIONING_PROFILE_SPECIFIER = "";
				SUPPORTED_PLATFORMS = "iphoneos iphonesimulator";
				SUPPORTS_MACCATALYST = NO;
				SUPPORTS_MAC_DESIGNED_FOR_IPHONE_IPAD = NO;
				SWIFT_EMIT_LOC_STRINGS = YES;
				SWIFT_VERSION = 5.0;
				TARGETED_DEVICE_FAMILY = 1;
			};
			name = Release;
		};
/* End XCBuildConfiguration section */

/* Begin XCConfigurationList section */
		C125EBA0293F9932009231F4 /* Build configuration list for PBXProject "Freesbe" */ = {
			isa = XCConfigurationList;
			buildConfigurations = (
				C125EBB1293F9932009231F4 /* Debug */,
				C125EBB2293F9932009231F4 /* Release */,
			);
			defaultConfigurationIsVisible = 0;
			defaultConfigurationName = Release;
		};
		C125EBB3293F9932009231F4 /* Build configuration list for PBXNativeTarget "Freesbe" */ = {
			isa = XCConfigurationList;
			buildConfigurations = (
				C125EBB4293F9932009231F4 /* Debug */,
				C125EBB5293F9932009231F4 /* Release */,
			);
			defaultConfigurationIsVisible = 0;
			defaultConfigurationName = Release;
		};
/* End XCConfigurationList section */
	};
	rootObject = C125EB9D293F9931009231F4 /* Project object */;
}
